
Microsoft Visual Studio Solution File, Format Version 12.00
# Visual Studio Version 16
VisualStudioVersion = 16.0.29911.84
MinimumVisualStudioVersion = 10.0.40219.1
Project("{FAE04EC0-301F-11D3-BF4B-00C04F79EFBC}") = "homeWork_2", "homeWork_2\homeWork_2.csproj", "{9497E61F-907F-4B96-A1BA-F5F9EF05CE7C}"
EndProject
Global
	GlobalSection(SolutionConfigurationPlatforms) = preSolution
		Debug|Any CPU = Debug|Any CPU
		Release|Any CPU = Release|Any CPU
	EndGlobalSection
	GlobalSection(ProjectConfigurationPlatforms) = postSolution
		{9497E61F-907F-4B96-A1BA-F5F9EF05CE7C}.Debug|Any CPU.ActiveCfg = Debug|Any CPU
		{9497E61F-907F-4B96-A1BA-F5F9EF05CE7C}.Debug|Any CPU.Build.0 = Debug|Any CPU
		{9497E61F-907F-4B96-A1BA-F5F9EF05CE7C}.Release|Any CPU.ActiveCfg = Release|Any CPU
		{9497E61F-907F-4B96-A1BA-F5F9EF05CE7C}.Release|Any CPU.Build.0 = Release|Any CPU
	EndGlobalSection
	GlobalSection(SolutionProperties) = preSolution
		HideSolutionNode = FALSE
	EndGlobalSection
	GlobalSection(ExtensibilityGlobals) = postSolution
		SolutionGuid = {5B97890D-C3A0-48A2-B98A-D74062911ECD}
	EndGlobalSection
EndGlobal
